// !$*UTF8*$!
{
	archiveVersion = 1;
	classes = {
	};
	objectVersion = 48;
	objects = {

/* Begin PBXBuildFile section */
		03B1CF957DD28E81740F8993 /* Pods_FlixUITests.framework in Frameworks */ = {isa = PBXBuildFile; fileRef = D913387DA5BA353DB75D9A3A /* Pods_FlixUITests.framework */; };
		89D7AE0F77CD17A06258E477 /* Pods_FlixTests.framework in Frameworks */ = {isa = PBXBuildFile; fileRef = 06EBBB6E9C55ACB4CDB76D34 /* Pods_FlixTests.framework */; };
		C4A75396D7298DA8B5E99AC2 /* Pods_Flix.framework in Frameworks */ = {isa = PBXBuildFile; fileRef = 43749075704122F2141F9699 /* Pods_Flix.framework */; };
		FA00E062202BCE2600672542 /* MovieCell.swift in Sources */ = {isa = PBXBuildFile; fileRef = FA00E061202BCE2600672542 /* MovieCell.swift */; };
		FA3026212032B2BB006C2D50 /* DetailViewController.swift in Sources */ = {isa = PBXBuildFile; fileRef = FA3026202032B2BB006C2D50 /* DetailViewController.swift */; };
		FAF5375A202A7D5D007C7B6C /* AppDelegate.swift in Sources */ = {isa = PBXBuildFile; fileRef = FAF53759202A7D5D007C7B6C /* AppDelegate.swift */; };
		FAF5375C202A7D5D007C7B6C /* NowPlayingViewController.swift in Sources */ = {isa = PBXBuildFile; fileRef = FAF5375B202A7D5D007C7B6C /* NowPlayingViewController.swift */; };
		FAF5375F202A7D5D007C7B6C /* Main.storyboard in Resources */ = {isa = PBXBuildFile; fileRef = FAF5375D202A7D5D007C7B6C /* Main.storyboard */; };
		FAF53761202A7D5D007C7B6C /* Assets.xcassets in Resources */ = {isa = PBXBuildFile; fileRef = FAF53760202A7D5D007C7B6C /* Assets.xcassets */; };
		FAF53764202A7D5D007C7B6C /* LaunchScreen.storyboard in Resources */ = {isa = PBXBuildFile; fileRef = FAF53762202A7D5D007C7B6C /* LaunchScreen.storyboard */; };
		FAF5376F202A7D5D007C7B6C /* FlixTests.swift in Sources */ = {isa = PBXBuildFile; fileRef = FAF5376E202A7D5D007C7B6C /* FlixTests.swift */; };
		FAF5377A202A7D5D007C7B6C /* FlixUITests.swift in Sources */ = {isa = PBXBuildFile; fileRef = FAF53779202A7D5D007C7B6C /* FlixUITests.swift */; };
/* End PBXBuildFile section */

/* Begin PBXContainerItemProxy section */
		FAF5376B202A7D5D007C7B6C /* PBXContainerItemProxy */ = {
			isa = PBXContainerItemProxy;
			containerPortal = FAF5374E202A7D5D007C7B6C /* Project object */;
			proxyType = 1;
			remoteGlobalIDString = FAF53755202A7D5D007C7B6C;
			remoteInfo = Flix;
		};
		FAF53776202A7D5D007C7B6C /* PBXContainerItemProxy */ = {
			isa = PBXContainerItemProxy;
			containerPortal = FAF5374E202A7D5D007C7B6C /* Project object */;
			proxyType = 1;
			remoteGlobalIDString = FAF53755202A7D5D007C7B6C;
			remoteInfo = Flix;
		};
/* End PBXContainerItemProxy section */

/* Begin PBXFileReference section */
		06EBBB6E9C55ACB4CDB76D34 /* Pods_FlixTests.framework */ = {isa = PBXFileReference; explicitFileType = wrapper.framework; includeInIndex = 0; path = Pods_FlixTests.framework; sourceTree = BUILT_PRODUCTS_DIR; };
		0BE2D16F1730DFBC22467F59 /* Pods-Flix.release.xcconfig */ = {isa = PBXFileReference; includeInIndex = 1; lastKnownFileType = text.xcconfig; name = "Pods-Flix.release.xcconfig"; path = "Pods/Target Support Files/Pods-Flix/Pods-Flix.release.xcconfig"; sourceTree = "<group>"; };
		43749075704122F2141F9699 /* Pods_Flix.framework */ = {isa = PBXFileReference; explicitFileType = wrapper.framework; includeInIndex = 0; path = Pods_Flix.framework; sourceTree = BUILT_PRODUCTS_DIR; };
		A77E1489C1D3B3ADB92D4EAF /* Pods-FlixTests.debug.xcconfig */ = {isa = PBXFileReference; includeInIndex = 1; lastKnownFileType = text.xcconfig; name = "Pods-FlixTests.debug.xcconfig"; path = "Pods/Target Support Files/Pods-FlixTests/Pods-FlixTests.debug.xcconfig"; sourceTree = "<group>"; };
		B2186D106ADE5D8BDAA8CFCB /* Pods-FlixUITests.debug.xcconfig */ = {isa = PBXFileReference; includeInIndex = 1; lastKnownFileType = text.xcconfig; name = "Pods-FlixUITests.debug.xcconfig"; path = "Pods/Target Support Files/Pods-FlixUITests/Pods-FlixUITests.debug.xcconfig"; sourceTree = "<group>"; };
		B667A53206D0E70AF511683D /* Pods-FlixUITests.release.xcconfig */ = {isa = PBXFileReference; includeInIndex = 1; lastKnownFileType = text.xcconfig; name = "Pods-FlixUITests.release.xcconfig"; path = "Pods/Target Support Files/Pods-FlixUITests/Pods-FlixUITests.release.xcconfig"; sourceTree = "<group>"; };
		D913387DA5BA353DB75D9A3A /* Pods_FlixUITests.framework */ = {isa = PBXFileReference; explicitFileType = wrapper.framework; includeInIndex = 0; path = Pods_FlixUITests.framework; sourceTree = BUILT_PRODUCTS_DIR; };
		E9F237DB80B3F620B9F30E05 /* Pods-Flix.debug.xcconfig */ = {isa = PBXFileReference; includeInIndex = 1; lastKnownFileType = text.xcconfig; name = "Pods-Flix.debug.xcconfig"; path = "Pods/Target Support Files/Pods-Flix/Pods-Flix.debug.xcconfig"; sourceTree = "<group>"; };
		FA00E061202BCE2600672542 /* MovieCell.swift */ = {isa = PBXFileReference; lastKnownFileType = sourcecode.swift; path = MovieCell.swift; sourceTree = "<group>"; };
		FA3026202032B2BB006C2D50 /* DetailViewController.swift */ = {isa = PBXFileReference; lastKnownFileType = sourcecode.swift; path = DetailViewController.swift; sourceTree = "<group>"; };
		FAF53756202A7D5D007C7B6C /* Flix.app */ = {isa = PBXFileReference; explicitFileType = wrapper.application; includeInIndex = 0; path = Flix.app; sourceTree = BUILT_PRODUCTS_DIR; };
		FAF53759202A7D5D007C7B6C /* AppDelegate.swift */ = {isa = PBXFileReference; lastKnownFileType = sourcecode.swift; path = AppDelegate.swift; sourceTree = "<group>"; };
		FAF5375B202A7D5D007C7B6C /* NowPlayingViewController.swift */ = {isa = PBXFileReference; lastKnownFileType = sourcecode.swift; path = NowPlayingViewController.swift; sourceTree = "<group>"; };
		FAF5375E202A7D5D007C7B6C /* Base */ = {isa = PBXFileReference; lastKnownFileType = file.storyboard; name = Base; path = Base.lproj/Main.storyboard; sourceTree = "<group>"; };
		FAF53760202A7D5D007C7B6C /* Assets.xcassets */ = {isa = PBXFileReference; lastKnownFileType = folder.assetcatalog; path = Assets.xcassets; sourceTree = "<group>"; };
		FAF53763202A7D5D007C7B6C /* Base */ = {isa = PBXFileReference; lastKnownFileType = file.storyboard; name = Base; path = Base.lproj/LaunchScreen.storyboard; sourceTree = "<group>"; };
		FAF53765202A7D5D007C7B6C /* Info.plist */ = {isa = PBXFileReference; lastKnownFileType = text.plist.xml; path = Info.plist; sourceTree = "<group>"; };
		FAF5376A202A7D5D007C7B6C /* FlixTests.xctest */ = {isa = PBXFileReference; explicitFileType = wrapper.cfbundle; includeInIndex = 0; path = FlixTests.xctest; sourceTree = BUILT_PRODUCTS_DIR; };
		FAF5376E202A7D5D007C7B6C /* FlixTests.swift */ = {isa = PBXFileReference; lastKnownFileType = sourcecode.swift; path = FlixTests.swift; sourceTree = "<group>"; };
		FAF53770202A7D5D007C7B6C /* Info.plist */ = {isa = PBXFileReference; lastKnownFileType = text.plist.xml; path = Info.plist; sourceTree = "<group>"; };
		FAF53775202A7D5D007C7B6C /* FlixUITests.xctest */ = {isa = PBXFileReference; explicitFileType = wrapper.cfbundle; includeInIndex = 0; path = FlixUITests.xctest; sourceTree = BUILT_PRODUCTS_DIR; };
		FAF53779202A7D5D007C7B6C /* FlixUITests.swift */ = {isa = PBXFileReference; lastKnownFileType = sourcecode.swift; path = FlixUITests.swift; sourceTree = "<group>"; };
		FAF5377B202A7D5D007C7B6C /* Info.plist */ = {isa = PBXFileReference; lastKnownFileType = text.plist.xml; path = Info.plist; sourceTree = "<group>"; };
		FD7C26A169CB8BDB49B01B8A /* Pods-FlixTests.release.xcconfig */ = {isa = PBXFileReference; includeInIndex = 1; lastKnownFileType = text.xcconfig; name = "Pods-FlixTests.release.xcconfig"; path = "Pods/Target Support Files/Pods-FlixTests/Pods-FlixTests.release.xcconfig"; sourceTree = "<group>"; };
/* End PBXFileReference section */

/* Begin PBXFrameworksBuildPhase section */
		FAF53753202A7D5D007C7B6C /* Frameworks */ = {
			isa = PBXFrameworksBuildPhase;
			buildActionMask = 2147483647;
			files = (
				C4A75396D7298DA8B5E99AC2 /* Pods_Flix.framework in Frameworks */,
			);
			runOnlyForDeploymentPostprocessing = 0;
		};
		FAF53767202A7D5D007C7B6C /* Frameworks */ = {
			isa = PBXFrameworksBuildPhase;
			buildActionMask = 2147483647;
			files = (
				89D7AE0F77CD17A06258E477 /* Pods_FlixTests.framework in Frameworks */,
			);
			runOnlyForDeploymentPostprocessing = 0;
		};
		FAF53772202A7D5D007C7B6C /* Frameworks */ = {
			isa = PBXFrameworksBuildPhase;
			buildActionMask = 2147483647;
			files = (
				03B1CF957DD28E81740F8993 /* Pods_FlixUITests.framework in Frameworks */,
			);
			runOnlyForDeploymentPostprocessing = 0;
		};
/* End PBXFrameworksBuildPhase section */

/* Begin PBXGroup section */
		272E4BD74684F1EA0F1BE33D /* Frameworks */ = {
			isa = PBXGroup;
			children = (
				43749075704122F2141F9699 /* Pods_Flix.framework */,
				06EBBB6E9C55ACB4CDB76D34 /* Pods_FlixTests.framework */,
				D913387DA5BA353DB75D9A3A /* Pods_FlixUITests.framework */,
			);
			name = Frameworks;
			sourceTree = "<group>";
		};
		624B89F4DB5561561B86C428 /* Pods */ = {
			isa = PBXGroup;
			children = (
				E9F237DB80B3F620B9F30E05 /* Pods-Flix.debug.xcconfig */,
				0BE2D16F1730DFBC22467F59 /* Pods-Flix.release.xcconfig */,
				A77E1489C1D3B3ADB92D4EAF /* Pods-FlixTests.debug.xcconfig */,
				FD7C26A169CB8BDB49B01B8A /* Pods-FlixTests.release.xcconfig */,
				B2186D106ADE5D8BDAA8CFCB /* Pods-FlixUITests.debug.xcconfig */,
				B667A53206D0E70AF511683D /* Pods-FlixUITests.release.xcconfig */,
			);
			name = Pods;
			sourceTree = "<group>";
		};
		FA30261E2032B221006C2D50 /* ViewControllers */ = {
			isa = PBXGroup;
			children = (
				FAF5375B202A7D5D007C7B6C /* NowPlayingViewController.swift */,
				FA3026202032B2BB006C2D50 /* DetailViewController.swift */,
			);
			path = ViewControllers;
			sourceTree = "<group>";
		};
		FA30261F2032B236006C2D50 /* Views */ = {
			isa = PBXGroup;
			children = (
				FA00E061202BCE2600672542 /* MovieCell.swift */,
			);
			path = Views;
			sourceTree = "<group>";
		};
		FAF5374D202A7D5D007C7B6C = {
			isa = PBXGroup;
			children = (
				FAF53758202A7D5D007C7B6C /* Flix */,
				FAF5376D202A7D5D007C7B6C /* FlixTests */,
				FAF53778202A7D5D007C7B6C /* FlixUITests */,
				FAF53757202A7D5D007C7B6C /* Products */,
				624B89F4DB5561561B86C428 /* Pods */,
				272E4BD74684F1EA0F1BE33D /* Frameworks */,
			);
			sourceTree = "<group>";
		};
		FAF53757202A7D5D007C7B6C /* Products */ = {
			isa = PBXGroup;
			children = (
				FAF53756202A7D5D007C7B6C /* Flix.app */,
				FAF5376A202A7D5D007C7B6C /* FlixTests.xctest */,
				FAF53775202A7D5D007C7B6C /* FlixUITests.xctest */,
			);
			name = Products;
			sourceTree = "<group>";
		};
		FAF53758202A7D5D007C7B6C /* Flix */ = {
			isa = PBXGroup;
			children = (
				FA30261F2032B236006C2D50 /* Views */,
				FA30261E2032B221006C2D50 /* ViewControllers */,
				FAF53759202A7D5D007C7B6C /* AppDelegate.swift */,
				FAF5375D202A7D5D007C7B6C /* Main.storyboard */,
				FAF53760202A7D5D007C7B6C /* Assets.xcassets */,
				FAF53762202A7D5D007C7B6C /* LaunchScreen.storyboard */,
				FAF53765202A7D5D007C7B6C /* Info.plist */,
			);
			path = Flix;
			sourceTree = "<group>";
		};
		FAF5376D202A7D5D007C7B6C /* FlixTests */ = {
			isa = PBXGroup;
			children = (
				FAF5376E202A7D5D007C7B6C /* FlixTests.swift */,
				FAF53770202A7D5D007C7B6C /* Info.plist */,
			);
			path = FlixTests;
			sourceTree = "<group>";
		};
		FAF53778202A7D5D007C7B6C /* FlixUITests */ = {
			isa = PBXGroup;
			children = (
				FAF53779202A7D5D007C7B6C /* FlixUITests.swift */,
				FAF5377B202A7D5D007C7B6C /* Info.plist */,
			);
			path = FlixUITests;
			sourceTree = "<group>";
		};
/* End PBXGroup section */

/* Begin PBXNativeTarget section */
		FAF53755202A7D5D007C7B6C /* Flix */ = {
			isa = PBXNativeTarget;
			buildConfigurationList = FAF5377E202A7D5D007C7B6C /* Build configuration list for PBXNativeTarget "Flix" */;
			buildPhases = (
				D13996800C1F10040F9CA123 /* [CP] Check Pods Manifest.lock */,
				FAF53752202A7D5D007C7B6C /* Sources */,
				FAF53753202A7D5D007C7B6C /* Frameworks */,
				FAF53754202A7D5D007C7B6C /* Resources */,
				05BA4F77913FB8B3367A71BA /* [CP] Embed Pods Frameworks */,
				D27BD5872A98EAE7CDB33057 /* [CP] Copy Pods Resources */,
			);
			buildRules = (
			);
			dependencies = (
			);
			name = Flix;
			productName = Flix;
			productReference = FAF53756202A7D5D007C7B6C /* Flix.app */;
			productType = "com.apple.product-type.application";
		};
		FAF53769202A7D5D007C7B6C /* FlixTests */ = {
			isa = PBXNativeTarget;
			buildConfigurationList = FAF53781202A7D5D007C7B6C /* Build configuration list for PBXNativeTarget "FlixTests" */;
			buildPhases = (
				316AC4D3DB37B113C435CC76 /* [CP] Check Pods Manifest.lock */,
				FAF53766202A7D5D007C7B6C /* Sources */,
				FAF53767202A7D5D007C7B6C /* Frameworks */,
				FAF53768202A7D5D007C7B6C /* Resources */,
				B8EE8D63B18056F2A3093AF8 /* [CP] Embed Pods Frameworks */,
				107A56E930676F8BDBE3DA1C /* [CP] Copy Pods Resources */,
			);
			buildRules = (
			);
			dependencies = (
				FAF5376C202A7D5D007C7B6C /* PBXTargetDependency */,
			);
			name = FlixTests;
			productName = FlixTests;
			productReference = FAF5376A202A7D5D007C7B6C /* FlixTests.xctest */;
			productType = "com.apple.product-type.bundle.unit-test";
		};
		FAF53774202A7D5D007C7B6C /* FlixUITests */ = {
			isa = PBXNativeTarget;
			buildConfigurationList = FAF53784202A7D5D007C7B6C /* Build configuration list for PBXNativeTarget "FlixUITests" */;
			buildPhases = (
				117A73A6B5423BDE0A646A9E /* [CP] Check Pods Manifest.lock */,
				FAF53771202A7D5D007C7B6C /* Sources */,
				FAF53772202A7D5D007C7B6C /* Frameworks */,
				FAF53773202A7D5D007C7B6C /* Resources */,
				165083B31700635169205C07 /* [CP] Embed Pods Frameworks */,
				48794762FDEF506771692196 /* [CP] Copy Pods Resources */,
			);
			buildRules = (
			);
			dependencies = (
				FAF53777202A7D5D007C7B6C /* PBXTargetDependency */,
			);
			name = FlixUITests;
			productName = FlixUITests;
			productReference = FAF53775202A7D5D007C7B6C /* FlixUITests.xctest */;
			productType = "com.apple.product-type.bundle.ui-testing";
		};
/* End PBXNativeTarget section */

/* Begin PBXProject section */
		FAF5374E202A7D5D007C7B6C /* Project object */ = {
			isa = PBXProject;
			attributes = {
				LastSwiftUpdateCheck = 0920;
				LastUpgradeCheck = 0920;
				ORGANIZATIONNAME = "Alex Mao";
				TargetAttributes = {
					FAF53755202A7D5D007C7B6C = {
						CreatedOnToolsVersion = 9.2;
						ProvisioningStyle = Automatic;
					};
					FAF53769202A7D5D007C7B6C = {
						CreatedOnToolsVersion = 9.2;
						ProvisioningStyle = Automatic;
						TestTargetID = FAF53755202A7D5D007C7B6C;
					};
					FAF53774202A7D5D007C7B6C = {
						CreatedOnToolsVersion = 9.2;
						ProvisioningStyle = Automatic;
						TestTargetID = FAF53755202A7D5D007C7B6C;
					};
				};
			};
			buildConfigurationList = FAF53751202A7D5D007C7B6C /* Build configuration list for PBXProject "Flix" */;
			compatibilityVersion = "Xcode 8.0";
			developmentRegion = en;
			hasScannedForEncodings = 0;
			knownRegions = (
				en,
				Base,
			);
			mainGroup = FAF5374D202A7D5D007C7B6C;
			productRefGroup = FAF53757202A7D5D007C7B6C /* Products */;
			projectDirPath = "";
			projectRoot = "";
			targets = (
				FAF53755202A7D5D007C7B6C /* Flix */,
				FAF53769202A7D5D007C7B6C /* FlixTests */,
				FAF53774202A7D5D007C7B6C /* FlixUITests */,
			);
		};
/* End PBXProject section */

/* Begin PBXResourcesBuildPhase section */
		FAF53754202A7D5D007C7B6C /* Resources */ = {
			isa = PBXResourcesBuildPhase;
			buildActionMask = 2147483647;
			files = (
				FAF53764202A7D5D007C7B6C /* LaunchScreen.storyboard in Resources */,
				FAF53761202A7D5D007C7B6C /* Assets.xcassets in Resources */,
				FAF5375F202A7D5D007C7B6C /* Main.storyboard in Resources */,
			);
			runOnlyForDeploymentPostprocessing = 0;
		};
		FAF53768202A7D5D007C7B6C /* Resources */ = {
			isa = PBXResourcesBuildPhase;
			buildActionMask = 2147483647;
			files = (
			);
			runOnlyForDeploymentPostprocessing = 0;
		};
		FAF53773202A7D5D007C7B6C /* Resources */ = {
			isa = PBXResourcesBuildPhase;
			buildActionMask = 2147483647;
			files = (
			);
			runOnlyForDeploymentPostprocessing = 0;
		};
/* End PBXResourcesBuildPhase section */

/* Begin PBXShellScriptBuildPhase section */
		05BA4F77913FB8B3367A71BA /* [CP] Embed Pods Frameworks */ = {
			isa = PBXShellScriptBuildPhase;
			buildActionMask = 2147483647;
			files = (
			);
			inputPaths = (
				"${SRCROOT}/Pods/Target Support Files/Pods-Flix/Pods-Flix-frameworks.sh",
				"${BUILT_PRODUCTS_DIR}/Alamofire/Alamofire.framework",
				"${BUILT_PRODUCTS_DIR}/AlamofireImage/AlamofireImage.framework",
			);
			name = "[CP] Embed Pods Frameworks";
			outputPaths = (
				"${TARGET_BUILD_DIR}/${FRAMEWORKS_FOLDER_PATH}/Alamofire.framework",
				"${TARGET_BUILD_DIR}/${FRAMEWORKS_FOLDER_PATH}/AlamofireImage.framework",
			);
			runOnlyForDeploymentPostprocessing = 0;
			shellPath = /bin/sh;
			shellScript = "\"${SRCROOT}/Pods/Target Support Files/Pods-Flix/Pods-Flix-frameworks.sh\"\n";
			showEnvVarsInLog = 0;
		};
		107A56E930676F8BDBE3DA1C /* [CP] Copy Pods Resources */ = {
			isa = PBXShellScriptBuildPhase;
			buildActionMask = 2147483647;
			files = (
			);
			inputPaths = (
			);
			name = "[CP] Copy Pods Resources";
			outputPaths = (
			);
			runOnlyForDeploymentPostprocessing = 0;
			shellPath = /bin/sh;
			shellScript = "\"${SRCROOT}/Pods/Target Support Files/Pods-FlixTests/Pods-FlixTests-resources.sh\"\n";
			showEnvVarsInLog = 0;
		};
		117A73A6B5423BDE0A646A9E /* [CP] Check Pods Manifest.lock */ = {
			isa = PBXShellScriptBuildPhase;
			buildActionMask = 2147483647;
			files = (
			);
			inputPaths = (
				"${PODS_PODFILE_DIR_PATH}/Podfile.lock",
				"${PODS_ROOT}/Manifest.lock",
			);
			name = "[CP] Check Pods Manifest.lock";
			outputPaths = (
				"$(DERIVED_FILE_DIR)/Pods-FlixUITests-checkManifestLockResult.txt",
			);
			runOnlyForDeploymentPostprocessing = 0;
			shellPath = /bin/sh;
			shellScript = "diff \"${PODS_PODFILE_DIR_PATH}/Podfile.lock\" \"${PODS_ROOT}/Manifest.lock\" > /dev/null\nif [ $? != 0 ] ; then\n    # print error to STDERR\n    echo \"error: The sandbox is not in sync with the Podfile.lock. Run 'pod install' or update your CocoaPods installation.\" >&2\n    exit 1\nfi\n# This output is used by Xcode 'outputs' to avoid re-running this script phase.\necho \"SUCCESS\" > \"${SCRIPT_OUTPUT_FILE_0}\"\n";
			showEnvVarsInLog = 0;
		};
		165083B31700635169205C07 /* [CP] Embed Pods Frameworks */ = {
			isa = PBXShellScriptBuildPhase;
			buildActionMask = 2147483647;
			files = (
			);
			inputPaths = (
			);
			name = "[CP] Embed Pods Frameworks";
			outputPaths = (
			);
			runOnlyForDeploymentPostprocessing = 0;
			shellPath = /bin/sh;
			shellScript = "\"${SRCROOT}/Pods/Target Support Files/Pods-FlixUITests/Pods-FlixUITests-frameworks.sh\"\n";
			showEnvVarsInLog = 0;
		};
		316AC4D3DB37B113C435CC76 /* [CP] Check Pods Manifest.lock */ = {
			isa = PBXShellScriptBuildPhase;
			buildActionMask = 2147483647;
			files = (
			);
			inputPaths = (
				"${PODS_PODFILE_DIR_PATH}/Podfile.lock",
				"${PODS_ROOT}/Manifest.lock",
			);
			name = "[CP] Check Pods Manifest.lock";
			outputPaths = (
				"$(DERIVED_FILE_DIR)/Pods-FlixTests-checkManifestLockResult.txt",
			);
			runOnlyForDeploymentPostprocessing = 0;
			shellPath = /bin/sh;
			shellScript = "diff \"${PODS_PODFILE_DIR_PATH}/Podfile.lock\" \"${PODS_ROOT}/Manifest.lock\" > /dev/null\nif [ $? != 0 ] ; then\n    # print error to STDERR\n    echo \"error: The sandbox is not in sync with the Podfile.lock. Run 'pod install' or update your CocoaPods installation.\" >&2\n    exit 1\nfi\n# This output is used by Xcode 'outputs' to avoid re-running this script phase.\necho \"SUCCESS\" > \"${SCRIPT_OUTPUT_FILE_0}\"\n";
			showEnvVarsInLog = 0;
		};
		48794762FDEF506771692196 /* [CP] Copy Pods Resources */ = {
			isa = PBXShellScriptBuildPhase;
			buildActionMask = 2147483647;
			files = (
			);
			inputPaths = (
			);
			name = "[CP] Copy Pods Resources";
			outputPaths = (
			);
			runOnlyForDeploymentPostprocessing = 0;
			shellPath = /bin/sh;
			shellScript = "\"${SRCROOT}/Pods/Target Support Files/Pods-FlixUITests/Pods-FlixUITests-resources.sh\"\n";
			showEnvVarsInLog = 0;
		};
		B8EE8D63B18056F2A3093AF8 /* [CP] Embed Pods Frameworks */ = {
			isa = PBXShellScriptBuildPhase;
			buildActionMask = 2147483647;
			files = (
			);
			inputPaths = (
			);
			name = "[CP] Embed Pods Frameworks";
			outputPaths = (
			);
			runOnlyForDeploymentPostprocessing = 0;
			shellPath = /bin/sh;
			shellScript = "\"${SRCROOT}/Pods/Target Support Files/Pods-FlixTests/Pods-FlixTests-frameworks.sh\"\n";
			showEnvVarsInLog = 0;
		};
		D13996800C1F10040F9CA123 /* [CP] Check Pods Manifest.lock */ = {
			isa = PBXShellScriptBuildPhase;
			buildActionMask = 2147483647;
			files = (
			);
			inputPaths = (
				"${PODS_PODFILE_DIR_PATH}/Podfile.lock",
				"${PODS_ROOT}/Manifest.lock",
			);
			name = "[CP] Check Pods Manifest.lock";
			outputPaths = (
				"$(DERIVED_FILE_DIR)/Pods-Flix-checkManifestLockResult.txt",
			);
			runOnlyForDeploymentPostprocessing = 0;
			shellPath = /bin/sh;
			shellScript = "diff \"${PODS_PODFILE_DIR_PATH}/Podfile.lock\" \"${PODS_ROOT}/Manifest.lock\" > /dev/null\nif [ $? != 0 ] ; then\n    # print error to STDERR\n    echo \"error: The sandbox is not in sync with the Podfile.lock. Run 'pod install' or update your CocoaPods installation.\" >&2\n    exit 1\nfi\n# This output is used by Xcode 'outputs' to avoid re-running this script phase.\necho \"SUCCESS\" > \"${SCRIPT_OUTPUT_FILE_0}\"\n";
			showEnvVarsInLog = 0;
		};
		D27BD5872A98EAE7CDB33057 /* [CP] Copy Pods Resources */ = {
			isa = PBXShellScriptBuildPhase;
			buildActionMask = 2147483647;
			files = (
			);
			inputPaths = (
			);
			name = "[CP] Copy Pods Resources";
			outputPaths = (
			);
			runOnlyForDeploymentPostprocessing = 0;
			shellPath = /bin/sh;
			shellScript = "\"${SRCROOT}/Pods/Target Support Files/Pods-Flix/Pods-Flix-resources.sh\"\n";
			showEnvVarsInLog = 0;
		};
/* End PBXShellScriptBuildPhase section */

/* Begin PBXSourcesBuildPhase section */
		FAF53752202A7D5D007C7B6C /* Sources */ = {
			isa = PBXSourcesBuildPhase;
			buildActionMask = 2147483647;
			files = (
				FAF5375C202A7D5D007C7B6C /* NowPlayingViewController.swift in Sources */,
				FAF5375A202A7D5D007C7B6C /* AppDelegate.swift in Sources */,
				FA00E062202BCE2600672542 /* MovieCell.swift in Sources */,
				FA3026212032B2BB006C2D50 /* DetailViewController.swift in Sources */,
			);
			runOnlyForDeploymentPostprocessing = 0;
		};
		FAF53766202A7D5D007C7B6C /* Sources */ = {
			isa = PBXSourcesBuildPhase;
			buildActionMask = 2147483647;
			files = (
				FAF5376F202A7D5D007C7B6C /* FlixTests.swift in Sources */,
			);
			runOnlyForDeploymentPostprocessing = 0;
		};
		FAF53771202A7D5D007C7B6C /* Sources */ = {
			isa = PBXSourcesBuildPhase;
			buildActionMask = 2147483647;
			files = (
				FAF5377A202A7D5D007C7B6C /* FlixUITests.swift in Sources */,
			);
			runOnlyForDeploymentPostprocessing = 0;
		};
/* End PBXSourcesBuildPhase section */

/* Begin PBXTargetDependency section */
		FAF5376C202A7D5D007C7B6C /* PBXTargetDependency */ = {
			isa = PBXTargetDependency;
			target = FAF53755202A7D5D007C7B6C /* Flix */;
			targetProxy = FAF5376B202A7D5D007C7B6C /* PBXContainerItemProxy */;
		};
		FAF53777202A7D5D007C7B6C /* PBXTargetDependency */ = {
			isa = PBXTargetDependency;
			target = FAF53755202A7D5D007C7B6C /* Flix */;
			targetProxy = FAF53776202A7D5D007C7B6C /* PBXContainerItemProxy */;
		};
/* End PBXTargetDependency section */

/* Begin PBXVariantGroup section */
		FAF5375D202A7D5D007C7B6C /* Main.storyboard */ = {
			isa = PBXVariantGroup;
			children = (
				FAF5375E202A7D5D007C7B6C /* Base */,
			);
			name = Main.storyboard;
			sourceTree = "<group>";
		};
		FAF53762202A7D5D007C7B6C /* LaunchScreen.storyboard */ = {
			isa = PBXVariantGroup;
			children = (
				FAF53763202A7D5D007C7B6C /* Base */,
			);
			name = LaunchScreen.storyboard;
			sourceTree = "<group>";
		};
/* End PBXVariantGroup section */

/* Begin XCBuildConfiguration section */
		FAF5377C202A7D5D007C7B6C /* Debug */ = {
			isa = XCBuildConfiguration;
			buildSettings = {
				ALWAYS_SEARCH_USER_PATHS = NO;
				CLANG_ANALYZER_NONNULL = YES;
				CLANG_ANALYZER_NUMBER_OBJECT_CONVERSION = YES_AGGRESSIVE;
				CLANG_CXX_LANGUAGE_STANDARD = "gnu++14";
				CLANG_CXX_LIBRARY = "libc++";
				CLANG_ENABLE_MODULES = YES;
				CLANG_ENABLE_OBJC_ARC = YES;
				CLANG_WARN_BLOCK_CAPTURE_AUTORELEASING = YES;
				CLANG_WARN_BOOL_CONVERSION = YES;
				CLANG_WARN_COMMA = YES;
				CLANG_WARN_CONSTANT_CONVERSION = YES;
				CLANG_WARN_DIRECT_OBJC_ISA_USAGE = YES_ERROR;
				CLANG_WARN_DOCUMENTATION_COMMENTS = YES;
				CLANG_WARN_EMPTY_BODY = YES;
				CLANG_WARN_ENUM_CONVERSION = YES;
				CLANG_WARN_INFINITE_RECURSION = YES;
				CLANG_WARN_INT_CONVERSION = YES;
				CLANG_WARN_NON_LITERAL_NULL_CONVERSION = YES;
				CLANG_WARN_OBJC_LITERAL_CONVERSION = YES;
				CLANG_WARN_OBJC_ROOT_CLASS = YES_ERROR;
				CLANG_WARN_RANGE_LOOP_ANALYSIS = YES;
				CLANG_WARN_STRICT_PROTOTYPES = YES;
				CLANG_WARN_SUSPICIOUS_MOVE = YES;
				CLANG_WARN_UNGUARDED_AVAILABILITY = YES_AGGRESSIVE;
				CLANG_WARN_UNREACHABLE_CODE = YES;
				CLANG_WARN__DUPLICATE_METHOD_MATCH = YES;
				CODE_SIGN_IDENTITY = "iPhone Developer";
				COPY_PHASE_STRIP = NO;
				DEBUG_INFORMATION_FORMAT = dwarf;
				ENABLE_STRICT_OBJC_MSGSEND = YES;
				ENABLE_TESTABILITY = YES;
				GCC_C_LANGUAGE_STANDARD = gnu11;
				GCC_DYNAMIC_NO_PIC = NO;
				GCC_NO_COMMON_BLOCKS = YES;
				GCC_OPTIMIZATION_LEVEL = 0;
				GCC_PREPROCESSOR_DEFINITIONS = (
					"DEBUG=1",
					"$(inherited)",
				);
				GCC_WARN_64_TO_32_BIT_CONVERSION = YES;
				GCC_WARN_ABOUT_RETURN_TYPE = YES_ERROR;
				GCC_WARN_UNDECLARED_SELECTOR = YES;
				GCC_WARN_UNINITIALIZED_AUTOS = YES_AGGRESSIVE;
				GCC_WARN_UNUSED_FUNCTION = YES;
				GCC_WARN_UNUSED_VARIABLE = YES;
				IPHONEOS_DEPLOYMENT_TARGET = 11.2;
				MTL_ENABLE_DEBUG_INFO = YES;
				ONLY_ACTIVE_ARCH = YES;
				SDKROOT = iphoneos;
				SWIFT_ACTIVE_COMPILATION_CONDITIONS = DEBUG;
				SWIFT_OPTIMIZATION_LEVEL = "-Onone";
			};
			name = Debug;
		};
		FAF5377D202A7D5D007C7B6C /* Release */ = {
			isa = XCBuildConfiguration;
			buildSettings = {
				ALWAYS_SEARCH_USER_PATHS = NO;
				CLANG_ANALYZER_NONNULL = YES;
				CLANG_ANALYZER_NUMBER_OBJECT_CONVERSION = YES_AGGRESSIVE;
				CLANG_CXX_LANGUAGE_STANDARD = "gnu++14";
				CLANG_CXX_LIBRARY = "libc++";
				CLANG_ENABLE_MODULES = YES;
				CLANG_ENABLE_OBJC_ARC = YES;
				CLANG_WARN_BLOCK_CAPTURE_AUTORELEASING = YES;
				CLANG_WARN_BOOL_CONVERSION = YES;
				CLANG_WARN_COMMA = YES;
				CLANG_WARN_CONSTANT_CONVERSION = YES;
				CLANG_WARN_DIRECT_OBJC_ISA_USAGE = YES_ERROR;
				CLANG_WARN_DOCUMENTATION_COMMENTS = YES;
				CLANG_WARN_EMPTY_BODY = YES;
				CLANG_WARN_ENUM_CONVERSION = YES;
				CLANG_WARN_INFINITE_RECURSION = YES;
				CLANG_WARN_INT_CONVERSION = YES;
				CLANG_WARN_NON_LITERAL_NULL_CONVERSION = YES;
				CLANG_WARN_OBJC_LITERAL_CONVERSION = YES;
				CLANG_WARN_OBJC_ROOT_CLASS = YES_ERROR;
				CLANG_WARN_RANGE_LOOP_ANALYSIS = YES;
				CLANG_WARN_STRICT_PROTOTYPES = YES;
				CLANG_WARN_SUSPICIOUS_MOVE = YES;
				CLANG_WARN_UNGUARDED_AVAILABILITY = YES_AGGRESSIVE;
				CLANG_WARN_UNREACHABLE_CODE = YES;
				CLANG_WARN__DUPLICATE_METHOD_MATCH = YES;
				CODE_SIGN_IDENTITY = "iPhone Developer";
				COPY_PHASE_STRIP = NO;
				DEBUG_INFORMATION_FORMAT = "dwarf-with-dsym";
				ENABLE_NS_ASSERTIONS = NO;
				ENABLE_STRICT_OBJC_MSGSEND = YES;
				GCC_C_LANGUAGE_STANDARD = gnu11;
				GCC_NO_COMMON_BLOCKS = YES;
				GCC_WARN_64_TO_32_BIT_CONVERSION = YES;
				GCC_WARN_ABOUT_RETURN_TYPE = YES_ERROR;
				GCC_WARN_UNDECLARED_SELECTOR = YES;
				GCC_WARN_UNINITIALIZED_AUTOS = YES_AGGRESSIVE;
				GCC_WARN_UNUSED_FUNCTION = YES;
				GCC_WARN_UNUSED_VARIABLE = YES;
				IPHONEOS_DEPLOYMENT_TARGET = 11.2;
				MTL_ENABLE_DEBUG_INFO = NO;
				SDKROOT = iphoneos;
				SWIFT_OPTIMIZATION_LEVEL = "-Owholemodule";
				VALIDATE_PRODUCT = YES;
			};
			name = Release;
		};
		FAF5377F202A7D5D007C7B6C /* Debug */ = {
			isa = XCBuildConfiguration;
			baseConfigurationReference = E9F237DB80B3F620B9F30E05 /* Pods-Flix.debug.xcconfig */;
			buildSettings = {
				ASSETCATALOG_COMPILER_APPICON_NAME = AppIcon;
				CODE_SIGN_STYLE = Automatic;
				INFOPLIST_FILE = Flix/Info.plist;
				LD_RUNPATH_SEARCH_PATHS = "$(inherited) @executable_path/Frameworks";
				PRODUCT_BUNDLE_IDENTIFIER = com.codepath.Flix;
				PRODUCT_NAME = "$(TARGET_NAME)";
				SWIFT_VERSION = 4.0;
				TARGETED_DEVICE_FAMILY = "1,2";
			};
			name = Debug;
		};
		FAF53780202A7D5D007C7B6C /* Release */ = {
			isa = XCBuildConfiguration;
			baseConfigurationReference = 0BE2D16F1730DFBC22467F59 /* Pods-Flix.release.xcconfig */;
			buildSettings = {
				ASSETCATALOG_COMPILER_APPICON_NAME = AppIcon;
				CODE_SIGN_STYLE = Automatic;
				INFOPLIST_FILE = Flix/Info.plist;
				LD_RUNPATH_SEARCH_PATHS = "$(inherited) @executable_path/Frameworks";
				PRODUCT_BUNDLE_IDENTIFIER = com.codepath.Flix;
				PRODUCT_NAME = "$(TARGET_NAME)";
				SWIFT_VERSION = 4.0;
				TARGETED_DEVICE_FAMILY = "1,2";
			};
			name = Release;
		};
		FAF53782202A7D5D007C7B6C /* Debug */ = {
			isa = XCBuildConfiguration;
			baseConfigurationReference = A77E1489C1D3B3ADB92D4EAF /* Pods-FlixTests.debug.xcconfig */;
			buildSettings = {
				ALWAYS_EMBED_SWIFT_STANDARD_LIBRARIES = YES;
				BUNDLE_LOADER = "$(TEST_HOST)";
				CODE_SIGN_STYLE = Automatic;
				INFOPLIST_FILE = FlixTests/Info.plist;
				LD_RUNPATH_SEARCH_PATHS = "$(inherited) @executable_path/Frameworks @loader_path/Frameworks";
				PRODUCT_BUNDLE_IDENTIFIER = com.codepath.FlixTests;
				PRODUCT_NAME = "$(TARGET_NAME)";
				SWIFT_VERSION = 4.0;
				TARGETED_DEVICE_FAMILY = "1,2";
				TEST_HOST = "$(BUILT_PRODUCTS_DIR)/Flix.app/Flix";
			};
			name = Debug;
		};
		FAF53783202A7D5D007C7B6C /* Release */ = {
			isa = XCBuildConfiguration;
			baseConfigurationReference = FD7C26A169CB8BDB49B01B8A /* Pods-FlixTests.release.xcconfig */;
			buildSettings = {
				ALWAYS_EMBED_SWIFT_STANDARD_LIBRARIES = YES;
				BUNDLE_LOADER = "$(TEST_HOST)";
				CODE_SIGN_STYLE = Automatic;
				INFOPLIST_FILE = FlixTests/Info.plist;
				LD_RUNPATH_SEARCH_PATHS = "$(inherited) @executable_path/Frameworks @loader_path/Frameworks";
				PRODUCT_BUNDLE_IDENTIFIER = com.codepath.FlixTests;
				PRODUCT_NAME = "$(TARGET_NAME)";
				SWIFT_VERSION = 4.0;
				TARGETED_DEVICE_FAMILY = "1,2";
				TEST_HOST = "$(BUILT_PRODUCTS_DIR)/Flix.app/Flix";
			};
			name = Release;
		};
		FAF53785202A7D5D007C7B6C /* Debug */ = {
			isa = XCBuildConfiguration;
			baseConfigurationReference = B2186D106ADE5D8BDAA8CFCB /* Pods-FlixUITests.debug.xcconfig */;
			buildSettings = {
				ALWAYS_EMBED_SWIFT_STANDARD_LIBRARIES = YES;
				CODE_SIGN_STYLE = Automatic;
				INFOPLIST_FILE = FlixUITests/Info.plist;
				LD_RUNPATH_SEARCH_PATHS = "$(inherited) @executable_path/Frameworks @loader_path/Frameworks";
				PRODUCT_BUNDLE_IDENTIFIER = com.codepath.FlixUITests;
				PRODUCT_NAME = "$(TARGET_NAME)";
				SWIFT_VERSION = 4.0;
				TARGETED_DEVICE_FAMILY = "1,2";
				TEST_TARGET_NAME = Flix;
			};
			name = Debug;
		};
		FAF53786202A7D5D007C7B6C /* Release */ = {
			isa = XCBuildConfiguration;
			baseConfigurationReference = B667A53206D0E70AF511683D /* Pods-FlixUITests.release.xcconfig */;
			buildSettings = {
				ALWAYS_EMBED_SWIFT_STANDARD_LIBRARIES = YES;
				CODE_SIGN_STYLE = Automatic;
				INFOPLIST_FILE = FlixUITests/Info.plist;
				LD_RUNPATH_SEARCH_PATHS = "$(inherited) @executable_path/Frameworks @loader_path/Frameworks";
				PRODUCT_BUNDLE_IDENTIFIER = com.codepath.FlixUITests;
				PRODUCT_NAME = "$(TARGET_NAME)";
				SWIFT_VERSION = 4.0;
				TARGETED_DEVICE_FAMILY = "1,2";
				TEST_TARGET_NAME = Flix;
			};
			name = Release;
		};
/* End XCBuildConfiguration section */

/* Begin XCConfigurationList section */
		FAF53751202A7D5D007C7B6C /* Build configuration list for PBXProject "Flix" */ = {
			isa = XCConfigurationList;
			buildConfigurations = (
				FAF5377C202A7D5D007C7B6C /* Debug */,
				FAF5377D202A7D5D007C7B6C /* Release */,
			);
			defaultConfigurationIsVisible = 0;
			defaultConfigurationName = Release;
		};
		FAF5377E202A7D5D007C7B6C /* Build configuration list for PBXNativeTarget "Flix" */ = {
			isa = XCConfigurationList;
			buildConfigurations = (
				FAF5377F202A7D5D007C7B6C /* Debug */,
				FAF53780202A7D5D007C7B6C /* Release */,
			);
			defaultConfigurationIsVisible = 0;
			defaultConfigurationName = Release;
		};
		FAF53781202A7D5D007C7B6C /* Build configuration list for PBXNativeTarget "FlixTests" */ = {
			isa = XCConfigurationList;
			buildConfigurations = (
				FAF53782202A7D5D007C7B6C /* Debug */,
				FAF53783202A7D5D007C7B6C /* Release */,
			);
			defaultConfigurationIsVisible = 0;
			defaultConfigurationName = Release;
		};
		FAF53784202A7D5D007C7B6C /* Build configuration list for PBXNativeTarget "FlixUITests" */ = {
			isa = XCConfigurationList;
			buildConfigurations = (
				FAF53785202A7D5D007C7B6C /* Debug */,
				FAF53786202A7D5D007C7B6C /* Release */,
			);
			defaultConfigurationIsVisible = 0;
			defaultConfigurationName = Release;
		};
/* End XCConfigurationList section */
	};
	rootObject = FAF5374E202A7D5D007C7B6C /* Project object */;
}
